payload:
- DOMAIN-SUFFIX,kiwibrowser.org
- DOMAIN,img-c.heytapimage.com
- DOMAIN,adsbdfs.heytapimage.com
- DOMAIN,adsfs.heytapimage.com
- DOMAIN-KEYWORD,porn
- DOMAIN-KEYWORD,js96110
- DOMAIN-SUFFIX,minecraftwiki.net
- DOMAIN-SUFFIX,minecraft.gamepedia.com
- DOMAIN-SUFFIX,minecraft-zh.gamepedia.com
- DOMAIN-SUFFIX,minecraft.fandom.com
- DOMAIN-SUFFIX,googletagmanager.com
